// !$*UTF8*$!
{
	archiveVersion = 1;
	classes = {
	};
	objectVersion = 45;
	objects = {

/* Begin PBXBuildFile section */
		8DD76F9A0486AA7600D96B5E /* abbinder.m in Sources */ = {isa = PBXBuildFile; fileRef = 08FB7796FE84155DC02AAC07 /* abbinder.m */; settings = {ATTRIBUTES = (); }; };
		8DD76F9C0486AA7600D96B5E /* Foundation.framework in Frameworks */ = {isa = PBXBuildFile; fileRef = 08FB779EFE84155DC02AAC07 /* Foundation.framework */; };
		8DD76F9F0486AA7600D96B5E /* AudioBookBinder.1 in CopyFiles */ = {isa = PBXBuildFile; fileRef = C6859EA3029092ED04C91782 /* AudioBookBinder.1 */; };
		9F02CE12101EA8B100AE315D /* AudioBinder.m in Sources */ = {isa = PBXBuildFile; fileRef = 9F02CE11101EA8B100AE315D /* AudioBinder.m */; };
		9F02CE19101EABCD00AE315D /* AudioToolbox.framework in Frameworks */ = {isa = PBXBuildFile; fileRef = 9F02CE18101EABCD00AE315D /* AudioToolbox.framework */; };
		9F02CE4C101EBB9600AE315D /* CoreServices.framework in Frameworks */ = {isa = PBXBuildFile; fileRef = 9F02CE4B101EBB9600AE315D /* CoreServices.framework */; };
		9F02CE66101FF8D900AE315D /* ABLog.m in Sources */ = {isa = PBXBuildFile; fileRef = 9F02CE65101FF8D900AE315D /* ABLog.m */; };
		9F02D007102161FD00AE315D /* QTKit.framework in Frameworks */ = {isa = PBXBuildFile; fileRef = 9F02D006102161FD00AE315D /* QTKit.framework */; };
		9F455945116AF4FB00BA501C /* Credits.rtf in Resources */ = {isa = PBXBuildFile; fileRef = 9F455944116AF4FB00BA501C /* Credits.rtf */; };
		9F61BE3811FBBC8D00654B3B /* AudioBinderVolume.h in CopyFiles */ = {isa = PBXBuildFile; fileRef = 9F61BE3611FBBC8D00654B3B /* AudioBinderVolume.h */; };
		9F61BE3A11FBBC8D00654B3B /* AudioBinderVolume.m in Sources */ = {isa = PBXBuildFile; fileRef = 9F61BE3711FBBC8D00654B3B /* AudioBinderVolume.m */; };
		9F61BE3B11FBBC8D00654B3B /* AudioBinderVolume.m in Sources */ = {isa = PBXBuildFile; fileRef = 9F61BE3711FBBC8D00654B3B /* AudioBinderVolume.m */; };
		9F62872C1194D502000D3A05 /* CoverImageView.m in Sources */ = {isa = PBXBuildFile; fileRef = 9F62872B1194D502000D3A05 /* CoverImageView.m */; };
		9F6FA21611191A020047728F /* AudioBinder.m in Sources */ = {isa = PBXBuildFile; fileRef = 9F02CE11101EA8B100AE315D /* AudioBinder.m */; };
		9F6FA21711191A020047728F /* MP4Atom.m in Sources */ = {isa = PBXBuildFile; fileRef = 9F86C0CE1023D99300E65B00 /* MP4Atom.m */; };
		9F6FA21811191A020047728F /* MP4File.m in Sources */ = {isa = PBXBuildFile; fileRef = 9F86C0D11023DAC000E65B00 /* MP4File.m */; };
		9F6FA3A011191A4D0047728F /* Foundation.framework in Frameworks */ = {isa = PBXBuildFile; fileRef = 08FB779EFE84155DC02AAC07 /* Foundation.framework */; };
		9F6FA3A111191A4D0047728F /* AudioToolbox.framework in Frameworks */ = {isa = PBXBuildFile; fileRef = 9F02CE18101EABCD00AE315D /* AudioToolbox.framework */; };
		9F6FA3A211191A4D0047728F /* CoreServices.framework in Frameworks */ = {isa = PBXBuildFile; fileRef = 9F02CE4B101EBB9600AE315D /* CoreServices.framework */; };
		9F6FA3A311191A4D0047728F /* QTKit.framework in Frameworks */ = {isa = PBXBuildFile; fileRef = 9F02D006102161FD00AE315D /* QTKit.framework */; };
		9F6FA3A711191A5D0047728F /* ABLog.m in Sources */ = {isa = PBXBuildFile; fileRef = 9F02CE65101FF8D900AE315D /* ABLog.m */; };
		9F6FA3BE11191AEA0047728F /* AuidoBookBinder.m in Sources */ = {isa = PBXBuildFile; fileRef = 9F6FA3BD11191AEA0047728F /* AuidoBookBinder.m */; };
		9F6FA3D8111BBBC20047728F /* MainMenu.xib in Resources */ = {isa = PBXBuildFile; fileRef = 9F6FA3D6111BBBC20047728F /* MainMenu.xib */; };
		9F6FA3E4111BBD640047728F /* AudioBookBinderAppDelegate.m in Sources */ = {isa = PBXBuildFile; fileRef = 9F6FA3E3111BBD640047728F /* AudioBookBinderAppDelegate.m */; };
		9F6FA411111D161A0047728F /* AudioFileList.m in Sources */ = {isa = PBXBuildFile; fileRef = 9F6FA410111D161A0047728F /* AudioFileList.m */; };
		9F6FA4A9111E56090047728F /* AudioFile.m in Sources */ = {isa = PBXBuildFile; fileRef = 9F6FA4A8111E56090047728F /* AudioFile.m */; };
		9F776EC713CD6D5D004569F4 /* MiniProgressGradient.png in Resources */ = {isa = PBXBuildFile; fileRef = 9F776EC613CD6D5D004569F4 /* MiniProgressGradient.png */; };
		9F7829D3129F8C6000763A5B /* AppKit.framework in Frameworks */ = {isa = PBXBuildFile; fileRef = 9F7829D2129F8C6000763A5B /* AppKit.framework */; };
		9F782A2E129F941900763A5B /* Play.png in Resources */ = {isa = PBXBuildFile; fileRef = 9F782A2C129F941900763A5B /* Play.png */; };
		9F782A2F129F941900763A5B /* Stop.png in Resources */ = {isa = PBXBuildFile; fileRef = 9F782A2D129F941900763A5B /* Stop.png */; };
		9F78673C11A88F660054ADF0 /* Localizable.strings in Resources */ = {isa = PBXBuildFile; fileRef = 9F78673B11A88F660054ADF0 /* Localizable.strings */; };
		9F8238E91166C01B00F6D1D8 /* sparkle_dsa_pub.pem in Resources */ = {isa = PBXBuildFile; fileRef = 9F8238E81166C01B00F6D1D8 /* sparkle_dsa_pub.pem */; };
		9F86C0CF1023D99300E65B00 /* MP4Atom.m in Sources */ = {isa = PBXBuildFile; fileRef = 9F86C0CE1023D99300E65B00 /* MP4Atom.m */; };
		9F86C0D21023DAC000E65B00 /* MP4File.m in Sources */ = {isa = PBXBuildFile; fileRef = 9F86C0D11023DAC000E65B00 /* MP4File.m */; };
		9FA52D9211C2F100003FD879 /* AudioFile.m in Sources */ = {isa = PBXBuildFile; fileRef = 9F6FA4A8111E56090047728F /* AudioFile.m */; };
		9FA52D9F11C2FFCE003FD879 /* Chapter.m in Sources */ = {isa = PBXBuildFile; fileRef = 9FA52D9E11C2FFCE003FD879 /* Chapter.m */; };
		9FA52DA011C2FFCE003FD879 /* Chapter.m in Sources */ = {isa = PBXBuildFile; fileRef = 9FA52D9E11C2FFCE003FD879 /* Chapter.m */; };
		9FAB146D11619F9F00A2F36A /* ExpandedPathToIconTransformer.m in Sources */ = {isa = PBXBuildFile; fileRef = 9FAB146A11619F9F00A2F36A /* ExpandedPathToIconTransformer.m */; };
		9FAB146E11619F9F00A2F36A /* ExpandedPathToPathTransformer.m in Sources */ = {isa = PBXBuildFile; fileRef = 9FAB146C11619F9F00A2F36A /* ExpandedPathToPathTransformer.m */; };
		9FAB14821161A51400A2F36A /* PrefsController.m in Sources */ = {isa = PBXBuildFile; fileRef = 9FAB14811161A51400A2F36A /* PrefsController.m */; };
		9FB4DE0711C05C0E007B3DDE /* MetaEditor.mm in Sources */ = {isa = PBXBuildFile; fileRef = 9FB4DE0611C05C0E007B3DDE /* MetaEditor.mm */; };
		9FB4DE0811C05C0E007B3DDE /* MetaEditor.mm in Sources */ = {isa = PBXBuildFile; fileRef = 9FB4DE0611C05C0E007B3DDE /* MetaEditor.mm */; };
		9FB4DE3A11C0610F007B3DDE /* libmp4v2.a in Frameworks */ = {isa = PBXBuildFile; fileRef = 9FB4DE3911C0610F007B3DDE /* libmp4v2.a */; };
		9FB4DE3B11C0610F007B3DDE /* libmp4v2.a in Frameworks */ = {isa = PBXBuildFile; fileRef = 9FB4DE3911C0610F007B3DDE /* libmp4v2.a */; };
		9FBCBF46102A6A2C0067AE9F /* ConsoleDelegate.m in Sources */ = {isa = PBXBuildFile; fileRef = 9FBCBF45102A6A2C0067AE9F /* ConsoleDelegate.m */; };
		9FFED9901128C1AD00C3AFE6 /* NSOutlineView_Extension.m in Sources */ = {isa = PBXBuildFile; fileRef = 9FFED98F1128C1AD00C3AFE6 /* NSOutlineView_Extension.m */; };
		9FFF519F12DC0D7000E3A54F /* audiobook.icns in Resources */ = {isa = PBXBuildFile; fileRef = 9FFF519E12DC0D7000E3A54F /* audiobook.icns */; };
/* End PBXBuildFile section */

/* Begin PBXCopyFilesBuildPhase section */
		8DD76F9E0486AA7600D96B5E /* CopyFiles */ = {
			isa = PBXCopyFilesBuildPhase;
			buildActionMask = 8;
			dstPath = /usr/share/man/man1/;
			dstSubfolderSpec = 0;
			files = (
				8DD76F9F0486AA7600D96B5E /* AudioBookBinder.1 in CopyFiles */,
				9F61BE3811FBBC8D00654B3B /* AudioBinderVolume.h in CopyFiles */,
			);
			runOnlyForDeploymentPostprocessing = 1;
		};
		9F8238C71166B6F800F6D1D8 /* Copy Frameworks */ = {
			isa = PBXCopyFilesBuildPhase;
			buildActionMask = 2147483647;
			dstPath = "";
			dstSubfolderSpec = 10;
			files = (
			);
			name = "Copy Frameworks";
			runOnlyForDeploymentPostprocessing = 0;
		};
/* End PBXCopyFilesBuildPhase section */

/* Begin PBXFileReference section */
		08FB7796FE84155DC02AAC07 /* abbinder.m */ = {isa = PBXFileReference; fileEncoding = 4; lastKnownFileType = sourcecode.c.objc; path = abbinder.m; sourceTree = "<group>"; };
		08FB779EFE84155DC02AAC07 /* Foundation.framework */ = {isa = PBXFileReference; lastKnownFileType = wrapper.framework; name = Foundation.framework; path = /System/Library/Frameworks/Foundation.framework; sourceTree = "<absolute>"; };
		32A70AAB03705E1F00C91783 /* AudioBookBinder_Prefix.pch */ = {isa = PBXFileReference; fileEncoding = 4; lastKnownFileType = sourcecode.c.h; path = AudioBookBinder_Prefix.pch; sourceTree = "<group>"; };
		8DD76FA10486AA7600D96B5E /* abbinder */ = {isa = PBXFileReference; explicitFileType = "compiled.mach-o.executable"; includeInIndex = 0; path = abbinder; sourceTree = BUILT_PRODUCTS_DIR; };
		9F02CE10101EA8B100AE315D /* AudioBinder.h */ = {isa = PBXFileReference; fileEncoding = 4; lastKnownFileType = sourcecode.c.h; path = AudioBinder.h; sourceTree = "<group>"; };
		9F02CE11101EA8B100AE315D /* AudioBinder.m */ = {isa = PBXFileReference; fileEncoding = 4; lastKnownFileType = sourcecode.c.objc; path = AudioBinder.m; sourceTree = "<group>"; };
		9F02CE18101EABCD00AE315D /* AudioToolbox.framework */ = {isa = PBXFileReference; lastKnownFileType = wrapper.framework; name = AudioToolbox.framework; path = /System/Library/Frameworks/AudioToolbox.framework; sourceTree = "<absolute>"; };
		9F02CE4B101EBB9600AE315D /* CoreServices.framework */ = {isa = PBXFileReference; lastKnownFileType = wrapper.framework; name = CoreServices.framework; path = /System/Library/Frameworks/CoreServices.framework; sourceTree = "<absolute>"; };
		9F02CE64101FF8D900AE315D /* ABLog.h */ = {isa = PBXFileReference; fileEncoding = 4; lastKnownFileType = sourcecode.c.h; path = ABLog.h; sourceTree = "<group>"; };
		9F02CE65101FF8D900AE315D /* ABLog.m */ = {isa = PBXFileReference; fileEncoding = 4; lastKnownFileType = sourcecode.c.objc; path = ABLog.m; sourceTree = "<group>"; };
		9F02D006102161FD00AE315D /* QTKit.framework */ = {isa = PBXFileReference; lastKnownFileType = wrapper.framework; name = QTKit.framework; path = /System/Library/Frameworks/QTKit.framework; sourceTree = "<absolute>"; };
		9F11CC6111E3C99800D83B54 /* de */ = {isa = PBXFileReference; lastKnownFileType = file.xib; name = de; path = de.lproj/MainMenu.xib; sourceTree = "<group>"; };
		9F11CC6211E3C9B200D83B54 /* de */ = {isa = PBXFileReference; lastKnownFileType = text.plist.strings; name = de; path = de.lproj/Localizable.strings; sourceTree = "<group>"; };
		9F3A5BEF12F4D04600528495 /* Sparkle.framework */ = {isa = PBXFileReference; lastKnownFileType = wrapper.framework; path = Sparkle.framework; sourceTree = "<group>"; };
		9F455944116AF4FB00BA501C /* Credits.rtf */ = {isa = PBXFileReference; lastKnownFileType = text.rtf; path = Credits.rtf; sourceTree = "<group>"; };
		9F61BE3611FBBC8D00654B3B /* AudioBinderVolume.h */ = {isa = PBXFileReference; fileEncoding = 4; lastKnownFileType = sourcecode.c.h; path = AudioBinderVolume.h; sourceTree = "<group>"; };
		9F61BE3711FBBC8D00654B3B /* AudioBinderVolume.m */ = {isa = PBXFileReference; fileEncoding = 4; lastKnownFileType = sourcecode.c.objc; path = AudioBinderVolume.m; sourceTree = "<group>"; };
		9F62872A1194D502000D3A05 /* CoverImageView.h */ = {isa = PBXFileReference; fileEncoding = 4; lastKnownFileType = sourcecode.c.h; path = CoverImageView.h; sourceTree = "<group>"; };
		9F62872B1194D502000D3A05 /* CoverImageView.m */ = {isa = PBXFileReference; fileEncoding = 4; lastKnownFileType = sourcecode.c.objc; path = CoverImageView.m; sourceTree = "<group>"; };
		9F6FA206111918F10047728F /* AudioBookBinder.app */ = {isa = PBXFileReference; explicitFileType = wrapper.application; includeInIndex = 0; path = AudioBookBinder.app; sourceTree = BUILT_PRODUCTS_DIR; };
		9F6FA208111918F10047728F /* AudioBookBinder-Info.plist */ = {isa = PBXFileReference; lastKnownFileType = text.plist.xml; path = "AudioBookBinder-Info.plist"; sourceTree = "<group>"; };
		9F6FA3BD11191AEA0047728F /* AuidoBookBinder.m */ = {isa = PBXFileReference; fileEncoding = 4; lastKnownFileType = sourcecode.c.objc; path = AuidoBookBinder.m; sourceTree = "<group>"; };
		9F6FA3D7111BBBC20047728F /* English */ = {isa = PBXFileReference; lastKnownFileType = file.xib; name = English; path = English.lproj/MainMenu.xib; sourceTree = "<group>"; };
		9F6FA3E2111BBD640047728F /* AudioBookBinderAppDelegate.h */ = {isa = PBXFileReference; fileEncoding = 4; lastKnownFileType = sourcecode.c.h; path = AudioBookBinderAppDelegate.h; sourceTree = "<group>"; };
		9F6FA3E3111BBD640047728F /* AudioBookBinderAppDelegate.m */ = {isa = PBXFileReference; fileEncoding = 4; lastKnownFileType = sourcecode.c.objc; path = AudioBookBinderAppDelegate.m; sourceTree = "<group>"; };
		9F6FA40F111D161A0047728F /* AudioFileList.h */ = {isa = PBXFileReference; fileEncoding = 4; lastKnownFileType = sourcecode.c.h; path = AudioFileList.h; sourceTree = "<group>"; };
		9F6FA410111D161A0047728F /* AudioFileList.m */ = {isa = PBXFileReference; fileEncoding = 4; lastKnownFileType = sourcecode.c.objc; path = AudioFileList.m; sourceTree = "<group>"; };
		9F6FA4A7111E56090047728F /* AudioFile.h */ = {isa = PBXFileReference; fileEncoding = 4; lastKnownFileType = sourcecode.c.h; path = AudioFile.h; sourceTree = "<group>"; };
		9F6FA4A8111E56090047728F /* AudioFile.m */ = {isa = PBXFileReference; fileEncoding = 4; lastKnownFileType = sourcecode.c.objc; path = AudioFile.m; sourceTree = "<group>"; };
		9F776EC613CD6D5D004569F4 /* MiniProgressGradient.png */ = {isa = PBXFileReference; lastKnownFileType = image.png; path = MiniProgressGradient.png; sourceTree = "<group>"; };
		9F7829D2129F8C6000763A5B /* AppKit.framework */ = {isa = PBXFileReference; lastKnownFileType = wrapper.framework; name = AppKit.framework; path = System/Library/Frameworks/AppKit.framework; sourceTree = SDKROOT; };
		9F782A2C129F941900763A5B /* Play.png */ = {isa = PBXFileReference; lastKnownFileType = image.png; path = Play.png; sourceTree = "<group>"; };
		9F782A2D129F941900763A5B /* Stop.png */ = {isa = PBXFileReference; lastKnownFileType = image.png; path = Stop.png; sourceTree = "<group>"; };
		9F78673911A88F470054ADF0 /* English */ = {isa = PBXFileReference; fileEncoding = 4; lastKnownFileType = text.plist.strings; name = English; path = English.lproj/Localizable.strings; sourceTree = "<group>"; };
		9F78673D11A891940054ADF0 /* ru */ = {isa = PBXFileReference; lastKnownFileType = text.plist.strings; name = ru; path = ru.lproj/Localizable.strings; sourceTree = "<group>"; };
		9F8238E81166C01B00F6D1D8 /* sparkle_dsa_pub.pem */ = {isa = PBXFileReference; fileEncoding = 4; lastKnownFileType = text; path = sparkle_dsa_pub.pem; sourceTree = "<group>"; };
		9F86C0CD1023D99300E65B00 /* MP4Atom.h */ = {isa = PBXFileReference; fileEncoding = 4; lastKnownFileType = sourcecode.c.h; path = MP4Atom.h; sourceTree = "<group>"; };
		9F86C0CE1023D99300E65B00 /* MP4Atom.m */ = {isa = PBXFileReference; fileEncoding = 4; lastKnownFileType = sourcecode.c.objc; path = MP4Atom.m; sourceTree = "<group>"; };
		9F86C0D01023DAC000E65B00 /* MP4File.h */ = {isa = PBXFileReference; fileEncoding = 4; lastKnownFileType = sourcecode.c.h; path = MP4File.h; sourceTree = "<group>"; };
		9F86C0D11023DAC000E65B00 /* MP4File.m */ = {isa = PBXFileReference; fileEncoding = 4; lastKnownFileType = sourcecode.c.objc; path = MP4File.m; sourceTree = "<group>"; };
		9F9C32D711A750A600F3FBC4 /* ru */ = {isa = PBXFileReference; lastKnownFileType = file.xib; name = ru; path = ru.lproj/MainMenu.xib; sourceTree = "<group>"; };
		9FA0773E121E437C003DAC24 /* fr */ = {isa = PBXFileReference; lastKnownFileType = file.xib; name = fr; path = fr.lproj/MainMenu.xib; sourceTree = "<group>"; };
		9FA0773F121E438F003DAC24 /* fr */ = {isa = PBXFileReference; lastKnownFileType = text.plist.strings; name = fr; path = fr.lproj/Localizable.strings; sourceTree = "<group>"; };
		9FA52D9D11C2FFCE003FD879 /* Chapter.h */ = {isa = PBXFileReference; fileEncoding = 4; lastKnownFileType = sourcecode.c.h; path = Chapter.h; sourceTree = "<group>"; };
		9FA52D9E11C2FFCE003FD879 /* Chapter.m */ = {isa = PBXFileReference; fileEncoding = 4; lastKnownFileType = sourcecode.c.objc; path = Chapter.m; sourceTree = "<group>"; };
		9FAB146911619F9F00A2F36A /* ExpandedPathToIconTransformer.h */ = {isa = PBXFileReference; fileEncoding = 4; lastKnownFileType = sourcecode.c.h; path = ExpandedPathToIconTransformer.h; sourceTree = "<group>"; };
		9FAB146A11619F9F00A2F36A /* ExpandedPathToIconTransformer.m */ = {isa = PBXFileReference; fileEncoding = 4; lastKnownFileType = sourcecode.c.objc; path = ExpandedPathToIconTransformer.m; sourceTree = "<group>"; };
		9FAB146B11619F9F00A2F36A /* ExpandedPathToPathTransformer.h */ = {isa = PBXFileReference; fileEncoding = 4; lastKnownFileType = sourcecode.c.h; path = ExpandedPathToPathTransformer.h; sourceTree = "<group>"; };
		9FAB146C11619F9F00A2F36A /* ExpandedPathToPathTransformer.m */ = {isa = PBXFileReference; fileEncoding = 4; lastKnownFileType = sourcecode.c.objc; path = ExpandedPathToPathTransformer.m; sourceTree = "<group>"; };
		9FAB14801161A51400A2F36A /* PrefsController.h */ = {isa = PBXFileReference; fileEncoding = 4; lastKnownFileType = sourcecode.c.h; path = PrefsController.h; sourceTree = "<group>"; };
		9FAB14811161A51400A2F36A /* PrefsController.m */ = {isa = PBXFileReference; fileEncoding = 4; lastKnownFileType = sourcecode.c.objc; path = PrefsController.m; sourceTree = "<group>"; };
		9FAD311A173072A70067DF2F /* AudioBookBinder.entitlements */ = {isa = PBXFileReference; lastKnownFileType = text.xml; path = AudioBookBinder.entitlements; sourceTree = "<group>"; };
		9FAD311B173086650067DF2F /* it */ = {isa = PBXFileReference; lastKnownFileType = file.xib; name = it; path = it.lproj/MainMenu.xib; sourceTree = "<group>"; };
		9FAD311C173086650067DF2F /* it */ = {isa = PBXFileReference; lastKnownFileType = text.plist.strings; name = it; path = it.lproj/Localizable.strings; sourceTree = "<group>"; };
		9FAD311D173086B80067DF2F /* nb */ = {isa = PBXFileReference; lastKnownFileType = file.xib; name = nb; path = nb.lproj/MainMenu.xib; sourceTree = "<group>"; };
		9FAD311E173089920067DF2F /* nb */ = {isa = PBXFileReference; lastKnownFileType = text.plist.strings; name = nb; path = nb.lproj/Localizable.strings; sourceTree = "<group>"; };
		9FB4DE0511C05C0E007B3DDE /* MetaEditor.h */ = {isa = PBXFileReference; fileEncoding = 4; lastKnownFileType = sourcecode.c.h; path = MetaEditor.h; sourceTree = "<group>"; };
		9FB4DE0611C05C0E007B3DDE /* MetaEditor.mm */ = {isa = PBXFileReference; fileEncoding = 4; lastKnownFileType = sourcecode.cpp.objcpp; path = MetaEditor.mm; sourceTree = "<group>"; };
		9FB4DE3911C0610F007B3DDE /* libmp4v2.a */ = {isa = PBXFileReference; lastKnownFileType = archive.ar; name = libmp4v2.a; path = "$(HOME)/opt/lib/libmp4v2.a"; sourceTree = "<absolute>"; };
		9FBCBF44102A6A2C0067AE9F /* ConsoleDelegate.h */ = {isa = PBXFileReference; fileEncoding = 4; lastKnownFileType = sourcecode.c.h; path = ConsoleDelegate.h; sourceTree = "<group>"; };
		9FBCBF45102A6A2C0067AE9F /* ConsoleDelegate.m */ = {isa = PBXFileReference; fileEncoding = 4; lastKnownFileType = sourcecode.c.objc; path = ConsoleDelegate.m; sourceTree = "<group>"; };
		9FFED98E1128C1AD00C3AFE6 /* NSOutlineView_Extension.h */ = {isa = PBXFileReference; fileEncoding = 4; lastKnownFileType = sourcecode.c.h; path = NSOutlineView_Extension.h; sourceTree = "<group>"; };
		9FFED98F1128C1AD00C3AFE6 /* NSOutlineView_Extension.m */ = {isa = PBXFileReference; fileEncoding = 4; lastKnownFileType = sourcecode.c.objc; path = NSOutlineView_Extension.m; sourceTree = "<group>"; };
		9FFF519E12DC0D7000E3A54F /* audiobook.icns */ = {isa = PBXFileReference; lastKnownFileType = image.icns; path = audiobook.icns; sourceTree = "<group>"; };
		C6859EA3029092ED04C91782 /* AudioBookBinder.1 */ = {isa = PBXFileReference; lastKnownFileType = text.man; path = AudioBookBinder.1; sourceTree = "<group>"; };
/* End PBXFileReference section */

/* Begin PBXFrameworksBuildPhase section */
		8DD76F9B0486AA7600D96B5E /* Frameworks */ = {
			isa = PBXFrameworksBuildPhase;
			buildActionMask = 2147483647;
			files = (
				8DD76F9C0486AA7600D96B5E /* Foundation.framework in Frameworks */,
				9F02CE19101EABCD00AE315D /* AudioToolbox.framework in Frameworks */,
				9F02CE4C101EBB9600AE315D /* CoreServices.framework in Frameworks */,
				9F02D007102161FD00AE315D /* QTKit.framework in Frameworks */,
				9FB4DE3B11C0610F007B3DDE /* libmp4v2.a in Frameworks */,
			);
			runOnlyForDeploymentPostprocessing = 0;
		};
		9F6FA204111918F10047728F /* Frameworks */ = {
			isa = PBXFrameworksBuildPhase;
			buildActionMask = 2147483647;
			files = (
				9F6FA3A011191A4D0047728F /* Foundation.framework in Frameworks */,
				9F6FA3A111191A4D0047728F /* AudioToolbox.framework in Frameworks */,
				9F6FA3A211191A4D0047728F /* CoreServices.framework in Frameworks */,
				9F6FA3A311191A4D0047728F /* QTKit.framework in Frameworks */,
				9FB4DE3A11C0610F007B3DDE /* libmp4v2.a in Frameworks */,
				9F7829D3129F8C6000763A5B /* AppKit.framework in Frameworks */,
			);
			runOnlyForDeploymentPostprocessing = 0;
		};
/* End PBXFrameworksBuildPhase section */

/* Begin PBXGroup section */
		08FB7794FE84155DC02AAC07 /* AudioBookBinder */ = {
			isa = PBXGroup;
			children = (
				9FAD311A173072A70067DF2F /* AudioBookBinder.entitlements */,
				9F95911E11658523001C2433 /* Resources */,
				08FB7795FE84155DC02AAC07 /* Source */,
				C6859EA2029092E104C91782 /* Documentation */,
				08FB779DFE84155DC02AAC07 /* External Frameworks and Libraries */,
				1AB674ADFE9D54B511CA2CBB /* Products */,
				9F6FA208111918F10047728F /* AudioBookBinder-Info.plist */,
				9F3A5BEF12F4D04600528495 /* Sparkle.framework */,
			);
			name = AudioBookBinder;
			sourceTree = "<group>";
		};
		08FB7795FE84155DC02AAC07 /* Source */ = {
			isa = PBXGroup;
			children = (
				08FB7796FE84155DC02AAC07 /* abbinder.m */,
				9F02CE64101FF8D900AE315D /* ABLog.h */,
				9F02CE65101FF8D900AE315D /* ABLog.m */,
				9F02CE10101EA8B100AE315D /* AudioBinder.h */,
				9F02CE11101EA8B100AE315D /* AudioBinder.m */,
				9F61BE3611FBBC8D00654B3B /* AudioBinderVolume.h */,
				9F61BE3711FBBC8D00654B3B /* AudioBinderVolume.m */,
				32A70AAB03705E1F00C91783 /* AudioBookBinder_Prefix.pch */,
				9F6FA3E2111BBD640047728F /* AudioBookBinderAppDelegate.h */,
				9F6FA3E3111BBD640047728F /* AudioBookBinderAppDelegate.m */,
				9F6FA4A7111E56090047728F /* AudioFile.h */,
				9F6FA4A8111E56090047728F /* AudioFile.m */,
				9F6FA40F111D161A0047728F /* AudioFileList.h */,
				9F6FA410111D161A0047728F /* AudioFileList.m */,
				9F6FA3BD11191AEA0047728F /* AuidoBookBinder.m */,
				9FA52D9D11C2FFCE003FD879 /* Chapter.h */,
				9FA52D9E11C2FFCE003FD879 /* Chapter.m */,
				9FBCBF44102A6A2C0067AE9F /* ConsoleDelegate.h */,
				9FBCBF45102A6A2C0067AE9F /* ConsoleDelegate.m */,
				9F62872A1194D502000D3A05 /* CoverImageView.h */,
				9F62872B1194D502000D3A05 /* CoverImageView.m */,
				9FAB146911619F9F00A2F36A /* ExpandedPathToIconTransformer.h */,
				9FAB146A11619F9F00A2F36A /* ExpandedPathToIconTransformer.m */,
				9FAB146B11619F9F00A2F36A /* ExpandedPathToPathTransformer.h */,
				9FAB146C11619F9F00A2F36A /* ExpandedPathToPathTransformer.m */,
				9FB4DE0511C05C0E007B3DDE /* MetaEditor.h */,
				9FB4DE0611C05C0E007B3DDE /* MetaEditor.mm */,
				9F86C0CD1023D99300E65B00 /* MP4Atom.h */,
				9F86C0CE1023D99300E65B00 /* MP4Atom.m */,
				9F86C0D01023DAC000E65B00 /* MP4File.h */,
				9F86C0D11023DAC000E65B00 /* MP4File.m */,
				9FFED98E1128C1AD00C3AFE6 /* NSOutlineView_Extension.h */,
				9FFED98F1128C1AD00C3AFE6 /* NSOutlineView_Extension.m */,
				9FAB14801161A51400A2F36A /* PrefsController.h */,
				9FAB14811161A51400A2F36A /* PrefsController.m */,
			);
			name = Source;
			sourceTree = "<group>";
		};
		08FB779DFE84155DC02AAC07 /* External Frameworks and Libraries */ = {
			isa = PBXGroup;
			children = (
				9FB4DE3911C0610F007B3DDE /* libmp4v2.a */,
				9F02D006102161FD00AE315D /* QTKit.framework */,
				9F02CE4B101EBB9600AE315D /* CoreServices.framework */,
				9F02CE18101EABCD00AE315D /* AudioToolbox.framework */,
				08FB779EFE84155DC02AAC07 /* Foundation.framework */,
				9F7829D2129F8C6000763A5B /* AppKit.framework */,
			);
			name = "External Frameworks and Libraries";
			sourceTree = "<group>";
		};
		1AB674ADFE9D54B511CA2CBB /* Products */ = {
			isa = PBXGroup;
			children = (
				8DD76FA10486AA7600D96B5E /* abbinder */,
				9F6FA206111918F10047728F /* AudioBookBinder.app */,
			);
			name = Products;
			sourceTree = "<group>";
		};
		9F95911E11658523001C2433 /* Resources */ = {
			isa = PBXGroup;
			children = (
				9F776EC613CD6D5D004569F4 /* MiniProgressGradient.png */,
				9F6FA3D6111BBBC20047728F /* MainMenu.xib */,
				9FFF519E12DC0D7000E3A54F /* audiobook.icns */,
				9F782A2C129F941900763A5B /* Play.png */,
				9F782A2D129F941900763A5B /* Stop.png */,
				9F455944116AF4FB00BA501C /* Credits.rtf */,
				9F8238E81166C01B00F6D1D8 /* sparkle_dsa_pub.pem */,
				9F78673B11A88F660054ADF0 /* Localizable.strings */,
			);
			name = Resources;
			sourceTree = "<group>";
		};
		C6859EA2029092E104C91782 /* Documentation */ = {
			isa = PBXGroup;
			children = (
				C6859EA3029092ED04C91782 /* AudioBookBinder.1 */,
			);
			name = Documentation;
			sourceTree = "<group>";
		};
/* End PBXGroup section */

/* Begin PBXNativeTarget section */
		8DD76F960486AA7600D96B5E /* abbinder */ = {
			isa = PBXNativeTarget;
			buildConfigurationList = 1DEB927408733DD40010E9CD /* Build configuration list for PBXNativeTarget "abbinder" */;
			buildPhases = (
				8DD76F990486AA7600D96B5E /* Sources */,
				8DD76F9B0486AA7600D96B5E /* Frameworks */,
				8DD76F9E0486AA7600D96B5E /* CopyFiles */,
			);
			buildRules = (
			);
			dependencies = (
			);
			name = abbinder;
			productInstallPath = "$(HOME)/bin";
			productName = AudioBookBinder;
			productReference = 8DD76FA10486AA7600D96B5E /* abbinder */;
			productType = "com.apple.product-type.tool";
		};
		9F6FA205111918F10047728F /* AudioBookBinder */ = {
			isa = PBXNativeTarget;
			buildConfigurationList = 9F6FA20B111918F20047728F /* Build configuration list for PBXNativeTarget "AudioBookBinder" */;
			buildPhases = (
				9F6FA202111918F10047728F /* Resources */,
				9F6FA203111918F10047728F /* Sources */,
				9F6FA204111918F10047728F /* Frameworks */,
				9F8238C71166B6F800F6D1D8 /* Copy Frameworks */,
				9F3A5C0812F4D31F00528495 /* ShellScript */,
			);
			buildRules = (
			);
			dependencies = (
			);
			name = AudioBookBinder;
			productName = AudioBookBinder;
			productReference = 9F6FA206111918F10047728F /* AudioBookBinder.app */;
			productType = "com.apple.product-type.application";
		};
/* End PBXNativeTarget section */

/* Begin PBXProject section */
		08FB7793FE84155DC02AAC07 /* Project object */ = {
			isa = PBXProject;
			attributes = {
				ORGANIZATIONNAME = "Bluezbox Software";
			};
			buildConfigurationList = 1DEB927808733DD40010E9CD /* Build configuration list for PBXProject "AudioBookBinder" */;
			compatibilityVersion = "Xcode 3.1";
			developmentRegion = English;
			hasScannedForEncodings = 1;
			knownRegions = (
				English,
				fr,
				de,
				ru,
				it,
				nb,
			);
			mainGroup = 08FB7794FE84155DC02AAC07 /* AudioBookBinder */;
			projectDirPath = "";
			projectRoot = "";
			targets = (
				8DD76F960486AA7600D96B5E /* abbinder */,
				9F6FA205111918F10047728F /* AudioBookBinder */,
			);
		};
/* End PBXProject section */

/* Begin PBXResourcesBuildPhase section */
		9F6FA202111918F10047728F /* Resources */ = {
			isa = PBXResourcesBuildPhase;
			buildActionMask = 2147483647;
			files = (
				9F6FA3D8111BBBC20047728F /* MainMenu.xib in Resources */,
				9F8238E91166C01B00F6D1D8 /* sparkle_dsa_pub.pem in Resources */,
				9F455945116AF4FB00BA501C /* Credits.rtf in Resources */,
				9F78673C11A88F660054ADF0 /* Localizable.strings in Resources */,
				9F782A2E129F941900763A5B /* Play.png in Resources */,
				9F782A2F129F941900763A5B /* Stop.png in Resources */,
				9FFF519F12DC0D7000E3A54F /* audiobook.icns in Resources */,
				9F776EC713CD6D5D004569F4 /* MiniProgressGradient.png in Resources */,
			);
			runOnlyForDeploymentPostprocessing = 0;
		};
/* End PBXResourcesBuildPhase section */

/* Begin PBXShellScriptBuildPhase section */
		9F3A5C0812F4D31F00528495 /* ShellScript */ = {
			isa = PBXShellScriptBuildPhase;
			buildActionMask = 2147483647;
			files = (
			);
			inputPaths = (
			);
			outputPaths = (
			);
			runOnlyForDeploymentPostprocessing = 0;
			shellPath = /bin/sh;
			shellScript = "if [ $CONFIGURATION != AppStore ]; then\n  rm -Rf $CONFIGURATION_BUILD_DIR/$FRAMEWORKS_FOLDER_PATH/Sparkle.framework\n  mkdir -p $CONFIGURATION_BUILD_DIR/$FRAMEWORKS_FOLDER_PATH/\n  cp -R Sparkle.framework $CONFIGURATION_BUILD_DIR/$FRAMEWORKS_FOLDER_PATH/\nfi";
		};
/* End PBXShellScriptBuildPhase section */

/* Begin PBXSourcesBuildPhase section */
		8DD76F990486AA7600D96B5E /* Sources */ = {
			isa = PBXSourcesBuildPhase;
			buildActionMask = 2147483647;
			files = (
				8DD76F9A0486AA7600D96B5E /* abbinder.m in Sources */,
				9F02CE12101EA8B100AE315D /* AudioBinder.m in Sources */,
				9F02CE66101FF8D900AE315D /* ABLog.m in Sources */,
				9F86C0CF1023D99300E65B00 /* MP4Atom.m in Sources */,
				9F86C0D21023DAC000E65B00 /* MP4File.m in Sources */,
				9FBCBF46102A6A2C0067AE9F /* ConsoleDelegate.m in Sources */,
				9FB4DE0811C05C0E007B3DDE /* MetaEditor.mm in Sources */,
				9FA52D9211C2F100003FD879 /* AudioFile.m in Sources */,
				9FA52DA011C2FFCE003FD879 /* Chapter.m in Sources */,
				9F61BE3A11FBBC8D00654B3B /* AudioBinderVolume.m in Sources */,
			);
			runOnlyForDeploymentPostprocessing = 0;
		};
		9F6FA203111918F10047728F /* Sources */ = {
			isa = PBXSourcesBuildPhase;
			buildActionMask = 2147483647;
			files = (
				9F6FA21611191A020047728F /* AudioBinder.m in Sources */,
				9F6FA3A711191A5D0047728F /* ABLog.m in Sources */,
				9F6FA21711191A020047728F /* MP4Atom.m in Sources */,
				9F6FA21811191A020047728F /* MP4File.m in Sources */,
				9F6FA3BE11191AEA0047728F /* AuidoBookBinder.m in Sources */,
				9F6FA3E4111BBD640047728F /* AudioBookBinderAppDelegate.m in Sources */,
				9F6FA411111D161A0047728F /* AudioFileList.m in Sources */,
				9F6FA4A9111E56090047728F /* AudioFile.m in Sources */,
				9FFED9901128C1AD00C3AFE6 /* NSOutlineView_Extension.m in Sources */,
				9FAB146D11619F9F00A2F36A /* ExpandedPathToIconTransformer.m in Sources */,
				9FAB146E11619F9F00A2F36A /* ExpandedPathToPathTransformer.m in Sources */,
				9FAB14821161A51400A2F36A /* PrefsController.m in Sources */,
				9F62872C1194D502000D3A05 /* CoverImageView.m in Sources */,
				9FB4DE0711C05C0E007B3DDE /* MetaEditor.mm in Sources */,
				9FA52D9F11C2FFCE003FD879 /* Chapter.m in Sources */,
				9F61BE3B11FBBC8D00654B3B /* AudioBinderVolume.m in Sources */,
			);
			runOnlyForDeploymentPostprocessing = 0;
		};
/* End PBXSourcesBuildPhase section */

/* Begin PBXVariantGroup section */
		9F6FA3D6111BBBC20047728F /* MainMenu.xib */ = {
			isa = PBXVariantGroup;
			children = (
				9F6FA3D7111BBBC20047728F /* English */,
				9F9C32D711A750A600F3FBC4 /* ru */,
				9F11CC6111E3C99800D83B54 /* de */,
				9FA0773E121E437C003DAC24 /* fr */,
				9FAD311B173086650067DF2F /* it */,
				9FAD311D173086B80067DF2F /* nb */,
			);
			name = MainMenu.xib;
			sourceTree = "<group>";
		};
		9F78673B11A88F660054ADF0 /* Localizable.strings */ = {
			isa = PBXVariantGroup;
			children = (
				9F78673911A88F470054ADF0 /* English */,
				9F78673D11A891940054ADF0 /* ru */,
				9F11CC6211E3C9B200D83B54 /* de */,
				9FA0773F121E438F003DAC24 /* fr */,
				9FAD311C173086650067DF2F /* it */,
				9FAD311E173089920067DF2F /* nb */,
			);
			name = Localizable.strings;
			sourceTree = "<group>";
		};
/* End PBXVariantGroup section */

/* Begin XCBuildConfiguration section */
		1DEB927508733DD40010E9CD /* Debug */ = {
			isa = XCBuildConfiguration;
			buildSettings = {
				ALWAYS_SEARCH_USER_PATHS = NO;
				COPY_PHASE_STRIP = NO;
				GCC_DYNAMIC_NO_PIC = NO;
				GCC_ENABLE_FIX_AND_CONTINUE = YES;
				GCC_MODEL_TUNING = G5;
				GCC_OPTIMIZATION_LEVEL = 0;
				GCC_PRECOMPILE_PREFIX_HEADER = YES;
				GCC_PREFIX_HEADER = AudioBookBinder_Prefix.pch;
				INSTALL_PATH = /usr/local/bin;
				LIBRARY_SEARCH_PATHS = (
					"$(inherited)",
					"$(HOME)/opt/lib",
				);
				PRODUCT_NAME = abbinder;
				SDKROOT = macosx10.7;
			};
			name = Debug;
		};
		1DEB927608733DD40010E9CD /* Release */ = {
			isa = XCBuildConfiguration;
			buildSettings = {
				ALWAYS_SEARCH_USER_PATHS = NO;
				DEBUG_INFORMATION_FORMAT = "dwarf-with-dsym";
				GCC_MODEL_TUNING = G5;
				GCC_PRECOMPILE_PREFIX_HEADER = YES;
				GCC_PREFIX_HEADER = AudioBookBinder_Prefix.pch;
				INSTALL_PATH = /usr/local/bin;
				LIBRARY_SEARCH_PATHS = (
					"$(inherited)",
					"$(HOME)/opt/lib",
				);
				PRODUCT_NAME = abbinder;
				SDKROOT = macosx10.7;
			};
			name = Release;
		};
		1DEB927908733DD40010E9CD /* Debug */ = {
			isa = XCBuildConfiguration;
			buildSettings = {
				ARCHS = "$(ARCHS_STANDARD_32_64_BIT)";
				FRAMEWORK_SEARCH_PATHS = .;
				GCC_C_LANGUAGE_STANDARD = c99;
				GCC_OPTIMIZATION_LEVEL = 0;
				GCC_WARN_ABOUT_RETURN_TYPE = YES;
				GCC_WARN_TYPECHECK_CALLS_TO_PRINTF = NO;
				GCC_WARN_UNUSED_VARIABLE = YES;
				HEADER_SEARCH_PATHS = "$(HOME)/opt/include";
				LIBRARY_SEARCH_PATHS = "$(HOME)/opt/lib";
				MACOSX_DEPLOYMENT_TARGET = 10.7;
				ONLY_ACTIVE_ARCH = YES;
				OTHER_CFLAGS = "-FSparkle.framework";
				OTHER_LDFLAGS = "";
				PREBINDING = NO;
				PRECOMPS_INCLUDE_HEADERS_FROM_BUILT_PRODUCTS_DIR = NO;
				PRODUCT_NAME = AudioBookBinder;
				SDKROOT = macosx10.5;
			};
			name = Debug;
		};
		1DEB927A08733DD40010E9CD /* Release */ = {
			isa = XCBuildConfiguration;
			buildSettings = {
				ARCHS = "$(ARCHS_STANDARD_32_64_BIT)";
				GCC_C_LANGUAGE_STANDARD = c99;
				GCC_WARN_ABOUT_RETURN_TYPE = YES;
				GCC_WARN_UNUSED_VARIABLE = YES;
				HEADER_SEARCH_PATHS = "$(HOME)/opt/include";
				LIBRARY_SEARCH_PATHS = "$(HOME)/opt/lib";
				MACOSX_DEPLOYMENT_TARGET = 10.7;
				OTHER_CFLAGS = "-FSparkle.framework";
				PREBINDING = NO;
				PRECOMPS_INCLUDE_HEADERS_FROM_BUILT_PRODUCTS_DIR = NO;
				PRODUCT_NAME = abbinder;
				SDKROOT = macosx10.5;
			};
			name = Release;
		};
		9F6FA209111918F10047728F /* Debug */ = {
			isa = XCBuildConfiguration;
			buildSettings = {
				ALWAYS_SEARCH_USER_PATHS = NO;
				CODE_SIGN_ENTITLEMENTS = AudioBookBinder.entitlements;
				CODE_SIGN_IDENTITY = "Mac Developer";
				COPY_PHASE_STRIP = NO;
				FRAMEWORK_SEARCH_PATHS = (
					"$(inherited)",
					"\"$(SRCROOT)\"",
				);
				GCC_DYNAMIC_NO_PIC = NO;
				GCC_ENABLE_FIX_AND_CONTINUE = YES;
				GCC_MODEL_TUNING = G5;
				GCC_OPTIMIZATION_LEVEL = 0;
				GCC_PRECOMPILE_PREFIX_HEADER = YES;
				GCC_PREFIX_HEADER = "$(SYSTEM_LIBRARY_DIR)/Frameworks/AppKit.framework/Headers/AppKit.h";
				INFOPLIST_FILE = "AudioBookBinder-Info.plist";
				INSTALL_PATH = "$(HOME)/Applications";
				LIBRARY_SEARCH_PATHS = (
					"$(inherited)",
					"$(HOME)/opt/lib",
				);
				OTHER_LDFLAGS = (
					"-framework",
					Sparkle,
					"-framework",
					Foundation,
					"-framework",
					AppKit,
				);
				PREBINDING = NO;
				PRODUCT_NAME = AudioBookBinder;
				SDKROOT = macosx10.8;
			};
			name = Debug;
		};
		9F6FA20A111918F10047728F /* Release */ = {
			isa = XCBuildConfiguration;
			buildSettings = {
				ALWAYS_SEARCH_USER_PATHS = NO;
				CODE_SIGN_ENTITLEMENTS = AudioBookBinder.entitlements;
				CODE_SIGN_IDENTITY = "Mac Developer";
				COPY_PHASE_STRIP = YES;
				DEBUG_INFORMATION_FORMAT = "dwarf-with-dsym";
				FRAMEWORK_SEARCH_PATHS = (
					"$(inherited)",
					"\"$(SRCROOT)\"",
				);
				GCC_ENABLE_FIX_AND_CONTINUE = NO;
				GCC_MODEL_TUNING = G5;
				GCC_PRECOMPILE_PREFIX_HEADER = YES;
				GCC_PREFIX_HEADER = "$(SYSTEM_LIBRARY_DIR)/Frameworks/AppKit.framework/Headers/AppKit.h";
				INFOPLIST_FILE = "AudioBookBinder-Info.plist";
				INSTALL_PATH = "$(HOME)/Applications";
				LIBRARY_SEARCH_PATHS = (
					"$(inherited)",
					"$(HOME)/opt/lib",
				);
				OTHER_LDFLAGS = (
					"-framework",
					Sparkle,
					"-framework",
					Foundation,
					"-framework",
					AppKit,
				);
				PREBINDING = NO;
				PRODUCT_NAME = AudioBookBinder;
				SDKROOT = macosx10.8;
				ZERO_LINK = NO;
			};
			name = Release;
		};
		9F70D34012DAC762004BDA84 /* AppStore */ = {
			isa = XCBuildConfiguration;
			buildSettings = {
				ARCHS = "$(ARCHS_STANDARD_32_64_BIT)";
				CODE_SIGN_IDENTITY = "3rd Party Mac Developer Application: Oleksandr Tymoshenko";
				DEBUG_INFORMATION_FORMAT = "dwarf-with-dsym";
				GCC_C_LANGUAGE_STANDARD = c99;
				GCC_PREPROCESSOR_DEFINITIONS = APP_STORE_BUILD;
				GCC_WARN_ABOUT_RETURN_TYPE = YES;
				GCC_WARN_UNUSED_VARIABLE = YES;
				HEADER_SEARCH_PATHS = "$(HOME)/opt/include";
				LIBRARY_SEARCH_PATHS = "$(HOME)/opt/lib";
				MACOSX_DEPLOYMENT_TARGET = 10.7;
				ONLY_ACTIVE_ARCH = NO;
				PREBINDING = NO;
				PRECOMPS_INCLUDE_HEADERS_FROM_BUILT_PRODUCTS_DIR = NO;
				PRODUCT_NAME = abbinder;
				SDKROOT = macosx10.5;
				VALID_ARCHS = "i386 x86_64";
			};
			name = AppStore;
		};
		9F70D34112DAC762004BDA84 /* AppStore */ = {
			isa = XCBuildConfiguration;
			buildSettings = {
				ALWAYS_SEARCH_USER_PATHS = NO;
				DEBUG_INFORMATION_FORMAT = "dwarf-with-dsym";
				GCC_MODEL_TUNING = G5;
				GCC_PRECOMPILE_PREFIX_HEADER = YES;
				GCC_PREFIX_HEADER = AudioBookBinder_Prefix.pch;
				INSTALL_PATH = /usr/local/bin;
				LIBRARY_SEARCH_PATHS = (
					"$(inherited)",
					"$(HOME)/opt/lib",
				);
				PRODUCT_NAME = abbinder;
				SDKROOT = macosx10.7;
			};
			name = AppStore;
		};
		9F70D34212DAC762004BDA84 /* AppStore */ = {
			isa = XCBuildConfiguration;
			buildSettings = {
				ALWAYS_SEARCH_USER_PATHS = NO;
				CODE_SIGN_ENTITLEMENTS = AudioBookBinder.entitlements;
				CODE_SIGN_IDENTITY = "Mac Developer";
				COPY_PHASE_STRIP = YES;
				DEBUG_INFORMATION_FORMAT = "dwarf-with-dsym";
				FRAMEWORK_SEARCH_PATHS = (
					"$(inherited)",
					"\"$(SRCROOT)\"",
				);
				GCC_ENABLE_FIX_AND_CONTINUE = NO;
				GCC_MODEL_TUNING = G5;
				GCC_PRECOMPILE_PREFIX_HEADER = YES;
				GCC_PREFIX_HEADER = "$(SYSTEM_LIBRARY_DIR)/Frameworks/AppKit.framework/Headers/AppKit.h";
				INFOPLIST_FILE = "AudioBookBinder-Info.plist";
				INSTALL_PATH = "$(HOME)/Applications";
				LIBRARY_SEARCH_PATHS = (
					"$(inherited)",
					"$(HOME)/opt/lib",
				);
				OTHER_LDFLAGS = (
					"-framework",
					Foundation,
					"-framework",
					AppKit,
				);
				PREBINDING = NO;
				PRODUCT_NAME = AudioBookBinder;
				SDKROOT = macosx10.8;
				ZERO_LINK = NO;
			};
			name = AppStore;
		};
/* End XCBuildConfiguration section */

/* Begin XCConfigurationList section */
		1DEB927408733DD40010E9CD /* Build configuration list for PBXNativeTarget "abbinder" */ = {
			isa = XCConfigurationList;
			buildConfigurations = (
				1DEB927508733DD40010E9CD /* Debug */,
				1DEB927608733DD40010E9CD /* Release */,
				9F70D34112DAC762004BDA84 /* AppStore */,
			);
			defaultConfigurationIsVisible = 0;
			defaultConfigurationName = Debug;
		};
		1DEB927808733DD40010E9CD /* Build configuration list for PBXProject "AudioBookBinder" */ = {
			isa = XCConfigurationList;
			buildConfigurations = (
				1DEB927908733DD40010E9CD /* Debug */,
				1DEB927A08733DD40010E9CD /* Release */,
				9F70D34012DAC762004BDA84 /* AppStore */,
			);
			defaultConfigurationIsVisible = 0;
			defaultConfigurationName = Debug;
		};
		9F6FA20B111918F20047728F /* Build configuration list for PBXNativeTarget "AudioBookBinder" */ = {
			isa = XCConfigurationList;
			buildConfigurations = (
				9F6FA209111918F10047728F /* Debug */,
				9F6FA20A111918F10047728F /* Release */,
				9F70D34212DAC762004BDA84 /* AppStore */,
			);
			defaultConfigurationIsVisible = 0;
			defaultConfigurationName = Debug;
		};
/* End XCConfigurationList section */
	};
	rootObject = 08FB7793FE84155DC02AAC07 /* Project object */;
}
